
Microsoft Visual Studio Solution File, Format Version 12.00
# Visual Studio Version 16
VisualStudioVersion = 16.0.28701.123
MinimumVisualStudioVersion = 10.0.40219.1
Project("{FAE04EC0-301F-11D3-BF4B-00C04F79EFBC}") = "Northwind", "Northwind\Northwind.csproj", "{12EB112B-A120-45C6-9C61-0A4F13C8C4A4}"
EndProject
Project("{FAE04EC0-301F-11D3-BF4B-00C04F79EFBC}") = "Northwind.Data", "Northwind.Data\Northwind.Data.csproj", "{9BCF99A3-8D1C-49C6-B1A5-DCDA4DADF5C9}"
EndProject
Global
	GlobalSection(SolutionConfigurationPlatforms) = preSolution
		Debug|Any CPU = Debug|Any CPU
		Release|Any CPU = Release|Any CPU
	EndGlobalSection
	GlobalSection(ProjectConfigurationPlatforms) = postSolution
		{12EB112B-A120-45C6-9C61-0A4F13C8C4A4}.Debug|Any CPU.ActiveCfg = Debug|Any CPU
		{12EB112B-A120-45C6-9C61-0A4F13C8C4A4}.Debug|Any CPU.Build.0 = Debug|Any CPU
		{12EB112B-A120-45C6-9C61-0A4F13C8C4A4}.Release|Any CPU.ActiveCfg = Release|Any CPU
		{12EB112B-A120-45C6-9C61-0A4F13C8C4A4}.Release|Any CPU.Build.0 = Release|Any CPU
		{9BCF99A3-8D1C-49C6-B1A5-DCDA4DADF5C9}.Debug|Any CPU.ActiveCfg = Debug|Any CPU
		{9BCF99A3-8D1C-49C6-B1A5-DCDA4DADF5C9}.Debug|Any CPU.Build.0 = Debug|Any CPU
		{9BCF99A3-8D1C-49C6-B1A5-DCDA4DADF5C9}.Release|Any CPU.ActiveCfg = Release|Any CPU
		{9BCF99A3-8D1C-49C6-B1A5-DCDA4DADF5C9}.Release|Any CPU.Build.0 = Release|Any CPU
	EndGlobalSection
	GlobalSection(SolutionProperties) = preSolution
		HideSolutionNode = FALSE
	EndGlobalSection
	GlobalSection(ExtensibilityGlobals) = postSolution
		SolutionGuid = {B0486713-AD48-410F-9217-95E74834BC1C}
	EndGlobalSection
EndGlobal
